
Microsoft Visual Studio Solution File, Format Version 12.00
# Visual Studio Version 17
VisualStudioVersion = 17.9.34622.214
MinimumVisualStudioVersion = 10.0.40219.1
Project("{FAE04EC0-301F-11D3-BF4B-00C04F79EFBC}") = "RazorPagesBooks", "RazorPagesBooks\RazorPagesBooks.csproj", "{441EBC65-58A2-4CCE-AF30-0D8FFAAD9712}"
EndProject
Global
	GlobalSection(SolutionConfigurationPlatforms) = preSolution
		Debug|Any CPU = Debug|Any CPU
		Release|Any CPU = Release|Any CPU
	EndGlobalSection
	GlobalSection(ProjectConfigurationPlatforms) = postSolution
		{441EBC65-58A2-4CCE-AF30-0D8FFAAD9712}.Debug|Any CPU.ActiveCfg = Debug|Any CPU
		{441EBC65-58A2-4CCE-AF30-0D8FFAAD9712}.Debug|Any CPU.Build.0 = Debug|Any CPU
		{441EBC65-58A2-4CCE-AF30-0D8FFAAD9712}.Release|Any CPU.ActiveCfg = Release|Any CPU
		{441EBC65-58A2-4CCE-AF30-0D8FFAAD9712}.Release|Any CPU.Build.0 = Release|Any CPU
	EndGlobalSection
	GlobalSection(SolutionProperties) = preSolution
		HideSolutionNode = FALSE
	EndGlobalSection
	GlobalSection(ExtensibilityGlobals) = postSolution
		SolutionGuid = {4FF216AA-0A25-48AD-9AD8-6BB4ED6AC3CE}
	EndGlobalSection
EndGlobal
